Microsoft Visual Studio Solution File, Format Version 12.00
# Visual Studio Version 17
VisualStudioVersion = 17.7.34031.279
MinimumVisualStudioVersion = 10.0.40219.1
Project("{9A19103F-16F7-4668-BE54-9A1E7A4F7556}") = "Canary", "Canary\Canary.csproj", "{4BE5F494-1C92-4971-A1CE-AF9C963E65D0}"
EndProject
Project("{9A19103F-16F7-4668-BE54-9A1E7A4F7556}") = "Canary.Tests", "Canary.Tests\Canary.Tests.csproj", "{7FC69F42-F7F2-4900-99A3-EF79535750FF}"
EndProject
Project("{9A19103F-16F7-4668-BE54-9A1E7A4F7556}") = "VRDR", "VRDR\VRDR.csproj", "{6D7B19E5-4FD4-4676-85FC-20668A0113F6}"
EndProject
Project("{9A19103F-16F7-4668-BE54-9A1E7A4F7556}") = "VRDR.CLI", "VRDR.CLI\VRDR.CLI.csproj", "{57636405-C11B-4DE3-8BA2-A9F85C2F3529}"
EndProject
Project("{9A19103F-16F7-4668-BE54-9A1E7A4F7556}") = "VitalRecord", "VitalRecord\VitalRecord.csproj", "{AEF94B54-CCE3-421A-80ED-6AC842513065}"
EndProject
Project("{9A19103F-16F7-4668-BE54-9A1E7A4F7556}") = "VitalRecord.Messaging", "VitalRecord.Messaging\VitalRecord.Messaging.csproj", "{4F96E435-171C-4CDB-9D42-043BC2BE75A0}"
EndProject
Project("{9A19103F-16F7-4668-BE54-9A1E7A4F7556}") = "VRDR.Messaging", "VRDR.Messaging\VRDR.Messaging.csproj", "{19541771-706E-4789-B68F-EC2D9103A2AD}"
EndProject
Project("{9A19103F-16F7-4668-BE54-9A1E7A4F7556}") = "VRDR.Client", "VRDR.Client\VRDR.Client.csproj", "{DB055D67-6750-4927-B554-E4FEED47973E}"
EndProject
Project("{9A19103F-16F7-4668-BE54-9A1E7A4F7556}") = "VRDR.Filter", "VRDR.Filter\VRDR.Filter.csproj", "{B5DEC702-63FA-4326-8981-BE630269754B}"
EndProject
Project("{9A19103F-16F7-4668-BE54-9A1E7A4F7556}") = "BFDR", "BFDR\BFDR.csproj", "{4A32D326-E632-410E-98A2-E7E33E57F51C}"
EndProject
Project("{9A19103F-16F7-4668-BE54-9A1E7A4F7556}") = "BFDR.Messaging", "BFDR.Messaging\BFDR.Messaging.csproj", "{C96EC450-B727-419D-8C81-EBDFAEB52A71}"
EndProject
Global
	GlobalSection(SolutionConfigurationPlatforms) = preSolution
		Debug|Any CPU = Debug|Any CPU
		ExeRelease|Any CPU = ExeRelease|Any CPU
		Release|Any CPU = Release|Any CPU
	EndGlobalSection
	GlobalSection(ProjectConfigurationPlatforms) = postSolution
		{4BE5F494-1C92-4971-A1CE-AF9C963E65D0}.Debug|Any CPU.ActiveCfg = Debug|Any CPU
		{4BE5F494-1C92-4971-A1CE-AF9C963E65D0}.Debug|Any CPU.Build.0 = Debug|Any CPU
		{4BE5F494-1C92-4971-A1CE-AF9C963E65D0}.ExeRelease|Any CPU.ActiveCfg = ExeRelease|Any CPU
		{4BE5F494-1C92-4971-A1CE-AF9C963E65D0}.ExeRelease|Any CPU.Build.0 = ExeRelease|Any CPU
		{4BE5F494-1C92-4971-A1CE-AF9C963E65D0}.Release|Any CPU.ActiveCfg = Release|Any CPU
		{4BE5F494-1C92-4971-A1CE-AF9C963E65D0}.Release|Any CPU.Build.0 = Release|Any CPU
		{7FC69F42-F7F2-4900-99A3-EF79535750FF}.Debug|Any CPU.ActiveCfg = Debug|Any CPU
		{7FC69F42-F7F2-4900-99A3-EF79535750FF}.Debug|Any CPU.Build.0 = Debug|Any CPU
		{7FC69F42-F7F2-4900-99A3-EF79535750FF}.ExeRelease|Any CPU.ActiveCfg = Release|Any CPU
		{7FC69F42-F7F2-4900-99A3-EF79535750FF}.ExeRelease|Any CPU.Build.0 = Release|Any CPU
		{7FC69F42-F7F2-4900-99A3-EF79535750FF}.Release|Any CPU.ActiveCfg = Release|Any CPU
		{7FC69F42-F7F2-4900-99A3-EF79535750FF}.Release|Any CPU.Build.0 = Release|Any CPU
		{6D7B19E5-4FD4-4676-85FC-20668A0113F6}.Debug|Any CPU.ActiveCfg = Debug|Any CPU
		{6D7B19E5-4FD4-4676-85FC-20668A0113F6}.Debug|Any CPU.Build.0 = Debug|Any CPU
		{6D7B19E5-4FD4-4676-85FC-20668A0113F6}.ExeRelease|Any CPU.ActiveCfg = Release|Any CPU
		{6D7B19E5-4FD4-4676-85FC-20668A0113F6}.ExeRelease|Any CPU.Build.0 = Release|Any CPU
		{6D7B19E5-4FD4-4676-85FC-20668A0113F6}.Release|Any CPU.ActiveCfg = Release|Any CPU
		{6D7B19E5-4FD4-4676-85FC-20668A0113F6}.Release|Any CPU.Build.0 = Release|Any CPU
		{57636405-C11B-4DE3-8BA2-A9F85C2F3529}.Debug|Any CPU.ActiveCfg = Debug|Any CPU
		{57636405-C11B-4DE3-8BA2-A9F85C2F3529}.Debug|Any CPU.Build.0 = Debug|Any CPU
		{57636405-C11B-4DE3-8BA2-A9F85C2F3529}.ExeRelease|Any CPU.ActiveCfg = Release|Any CPU
		{57636405-C11B-4DE3-8BA2-A9F85C2F3529}.ExeRelease|Any CPU.Build.0 = Release|Any CPU
		{57636405-C11B-4DE3-8BA2-A9F85C2F3529}.Release|Any CPU.ActiveCfg = Release|Any CPU
		{57636405-C11B-4DE3-8BA2-A9F85C2F3529}.Release|Any CPU.Build.0 = Release|Any CPU
		{AEF94B54-CCE3-421A-80ED-6AC842513065}.Debug|Any CPU.ActiveCfg = Debug|Any CPU
		{AEF94B54-CCE3-421A-80ED-6AC842513065}.Debug|Any CPU.Build.0 = Debug|Any CPU
		{AEF94B54-CCE3-421A-80ED-6AC842513065}.ExeRelease|Any CPU.ActiveCfg = Release|Any CPU
		{AEF94B54-CCE3-421A-80ED-6AC842513065}.ExeRelease|Any CPU.Build.0 = Release|Any CPU
		{AEF94B54-CCE3-421A-80ED-6AC842513065}.Release|Any CPU.ActiveCfg = Release|Any CPU
		{AEF94B54-CCE3-421A-80ED-6AC842513065}.Release|Any CPU.Build.0 = Release|Any CPU
		{4F96E435-171C-4CDB-9D42-043BC2BE75A0}.Debug|Any CPU.ActiveCfg = Debug|Any CPU
		{4F96E435-171C-4CDB-9D42-043BC2BE75A0}.Debug|Any CPU.Build.0 = Debug|Any CPU
		{4F96E435-171C-4CDB-9D42-043BC2BE75A0}.ExeRelease|Any CPU.ActiveCfg = Release|Any CPU
		{4F96E435-171C-4CDB-9D42-043BC2BE75A0}.ExeRelease|Any CPU.Build.0 = Release|Any CPU
		{4F96E435-171C-4CDB-9D42-043BC2BE75A0}.Release|Any CPU.ActiveCfg = Release|Any CPU
		{4F96E435-171C-4CDB-9D42-043BC2BE75A0}.Release|Any CPU.Build.0 = Release|Any CPU
		{19541771-706E-4789-B68F-EC2D9103A2AD}.Debug|Any CPU.ActiveCfg = Debug|Any CPU
		{19541771-706E-4789-B68F-EC2D9103A2AD}.Debug|Any CPU.Build.0 = Debug|Any CPU
		{19541771-706E-4789-B68F-EC2D9103A2AD}.ExeRelease|Any CPU.ActiveCfg = Release|Any CPU
		{19541771-706E-4789-B68F-EC2D9103A2AD}.ExeRelease|Any CPU.Build.0 = Release|Any CPU
		{19541771-706E-4789-B68F-EC2D9103A2AD}.Release|Any CPU.ActiveCfg = Release|Any CPU
		{19541771-706E-4789-B68F-EC2D9103A2AD}.Release|Any CPU.Build.0 = Release|Any CPU
		{DB055D67-6750-4927-B554-E4FEED47973E}.Debug|Any CPU.ActiveCfg = Debug|Any CPU
		{DB055D67-6750-4927-B554-E4FEED47973E}.Debug|Any CPU.Build.0 = Debug|Any CPU
		{DB055D67-6750-4927-B554-E4FEED47973E}.ExeRelease|Any CPU.ActiveCfg = Release|Any CPU
		{DB055D67-6750-4927-B554-E4FEED47973E}.ExeRelease|Any CPU.Build.0 = Release|Any CPU
		{DB055D67-6750-4927-B554-E4FEED47973E}.Release|Any CPU.ActiveCfg = Release|Any CPU
		{DB055D67-6750-4927-B554-E4FEED47973E}.Release|Any CPU.Build.0 = Release|Any CPU
		{B5DEC702-63FA-4326-8981-BE630269754B}.Debug|Any CPU.ActiveCfg = Debug|Any CPU
		{B5DEC702-63FA-4326-8981-BE630269754B}.Debug|Any CPU.Build.0 = Debug|Any CPU
		{B5DEC702-63FA-4326-8981-BE630269754B}.ExeRelease|Any CPU.ActiveCfg = Release|Any CPU
		{B5DEC702-63FA-4326-8981-BE630269754B}.ExeRelease|Any CPU.Build.0 = Release|Any CPU
		{B5DEC702-63FA-4326-8981-BE630269754B}.Release|Any CPU.ActiveCfg = Release|Any CPU
		{B5DEC702-63FA-4326-8981-BE630269754B}.Release|Any CPU.Build.0 = Release|Any CPU
		{4A32D326-E632-410E-98A2-E7E33E57F51C}.Debug|Any CPU.ActiveCfg = Debug|Any CPU
		{4A32D326-E632-410E-98A2-E7E33E57F51C}.Debug|Any CPU.Build.0 = Debug|Any CPU
		{4A32D326-E632-410E-98A2-E7E33E57F51C}.ExeRelease|Any CPU.ActiveCfg = Release|Any CPU
		{4A32D326-E632-410E-98A2-E7E33E57F51C}.ExeRelease|Any CPU.Build.0 = Release|Any CPU
		{4A32D326-E632-410E-98A2-E7E33E57F51C}.Release|Any CPU.ActiveCfg = Release|Any CPU
		{4A32D326-E632-410E-98A2-E7E33E57F51C}.Release|Any CPU.Build.0 = Release|Any CPU
		{C96EC450-B727-419D-8C81-EBDFAEB52A71}.Debug|Any CPU.ActiveCfg = Debug|Any CPU
		{C96EC450-B727-419D-8C81-EBDFAEB52A71}.Debug|Any CPU.Build.0 = Debug|Any CPU
		{C96EC450-B727-419D-8C81-EBDFAEB52A71}.ExeRelease|Any CPU.ActiveCfg = Release|Any CPU
		{C96EC450-B727-419D-8C81-EBDFAEB52A71}.ExeRelease|Any CPU.Build.0 = Release|Any CPU
		{C96EC450-B727-419D-8C81-EBDFAEB52A71}.Release|Any CPU.ActiveCfg = Release|Any CPU
		{C96EC450-B727-419D-8C81-EBDFAEB52A71}.Release|Any CPU.Build.0 = Release|Any CPU
	EndGlobalSection
	GlobalSection(SolutionProperties) = preSolution
		HideSolutionNode = FALSE
	EndGlobalSection
	GlobalSection(ExtensibilityGlobals) = postSolution
		SolutionGuid = {6E9DF74D-20EA-4E8B-925B-8097E1A15086}
	EndGlobalSection
EndGlobal
