
Microsoft Visual Studio Solution File, Format Version 12.00
# Visual Studio Version 17
VisualStudioVersion = 17.11.35327.3
MinimumVisualStudioVersion = 10.0.40219.1
Project("{9A19103F-16F7-4668-BE54-9A1E7A4F7556}") = "BFDR", "..\BFDR\BFDR.csproj", "{3B075625-99DB-4351-A1AC-BD07F322E57F}"
EndProject
Project("{9A19103F-16F7-4668-BE54-9A1E7A4F7556}") = "BFDR.CLI", "..\BFDR.CLI\BFDR.CLI.csproj", "{8BC8BDD5-50E5-487E-9B64-150FC884CE82}"
EndProject
Project("{9A19103F-16F7-4668-BE54-9A1E7A4F7556}") = "BFDR.Messaging", "..\BFDR.Messaging\BFDR.Messaging.csproj", "{011CBEF2-231C-4404-8E98-C2FCE4C68D89}"
EndProject
Project("{9A19103F-16F7-4668-BE54-9A1E7A4F7556}") = "BFDR.Tests", "..\BFDR.Tests\BFDR.Tests.csproj", "{09E70A22-7967-4DD6-8BEE-3F1AAD687D20}"
EndProject
Project("{9A19103F-16F7-4668-BE54-9A1E7A4F7556}") = "Canary", "..\Canary\Canary.csproj", "{D09B29B3-D836-4350-8E09-AD40C2A895DF}"
EndProject
Project("{9A19103F-16F7-4668-BE54-9A1E7A4F7556}") = "Canary.Tests", "..\Canary.Tests\Canary.Tests.csproj", "{FFDDDCBA-2BB3-464E-9BFB-29A9C7A503CC}"
EndProject
Project("{9A19103F-16F7-4668-BE54-9A1E7A4F7556}") = "VitalRecord", "..\VitalRecord\VitalRecord.csproj", "{6F4F7645-AA6C-41A2-8127-A42D1913EFDF}"
EndProject
Project("{9A19103F-16F7-4668-BE54-9A1E7A4F7556}") = "VitalRecord.Messaging", "..\VitalRecord.Messaging\VitalRecord.Messaging.csproj", "{5D790A02-D313-43CF-8740-F1A63DFA3DB9}"
EndProject
Project("{9A19103F-16F7-4668-BE54-9A1E7A4F7556}") = "VitalRecord.Tests", "..\VitalRecord.Tests\VitalRecord.Tests.csproj", "{D42AEDBA-1916-403B-98EB-344F32755703}"
EndProject
Project("{9A19103F-16F7-4668-BE54-9A1E7A4F7556}") = "VRDR", "..\VRDR\VRDR.csproj", "{05648877-1344-47F8-984B-843DBA0722E2}"
EndProject
Project("{9A19103F-16F7-4668-BE54-9A1E7A4F7556}") = "VRDR.CLI", "..\VRDR.CLI\VRDR.CLI.csproj", "{FA33EB3C-A971-4323-AB52-0FD690A06766}"
EndProject
Project("{9A19103F-16F7-4668-BE54-9A1E7A4F7556}") = "VRDR.Messaging", "..\VRDR.Messaging\VRDR.Messaging.csproj", "{7229885C-58AF-4311-8DEC-EDA353B5FF82}"
EndProject
Project("{9A19103F-16F7-4668-BE54-9A1E7A4F7556}") = "VRDR.Tests", "..\VRDR.Tests\VRDR.Tests.csproj", "{B3005A4C-A079-4245-9036-0BF40F51CC06}"
EndProject
Global
	GlobalSection(SolutionConfigurationPlatforms) = preSolution
		Debug|Any CPU = Debug|Any CPU
		ExeRelease|Any CPU = ExeRelease|Any CPU
		Release|Any CPU = Release|Any CPU
	EndGlobalSection
	GlobalSection(ProjectConfigurationPlatforms) = postSolution
		{3B075625-99DB-4351-A1AC-BD07F322E57F}.Debug|Any CPU.ActiveCfg = Debug|Any CPU
		{3B075625-99DB-4351-A1AC-BD07F322E57F}.Debug|Any CPU.Build.0 = Debug|Any CPU
		{3B075625-99DB-4351-A1AC-BD07F322E57F}.ExeRelease|Any CPU.ActiveCfg = Release|Any CPU
		{3B075625-99DB-4351-A1AC-BD07F322E57F}.ExeRelease|Any CPU.Build.0 = Release|Any CPU
		{3B075625-99DB-4351-A1AC-BD07F322E57F}.Release|Any CPU.ActiveCfg = Release|Any CPU
		{3B075625-99DB-4351-A1AC-BD07F322E57F}.Release|Any CPU.Build.0 = Release|Any CPU
		{8BC8BDD5-50E5-487E-9B64-150FC884CE82}.Debug|Any CPU.ActiveCfg = Debug|Any CPU
		{8BC8BDD5-50E5-487E-9B64-150FC884CE82}.Debug|Any CPU.Build.0 = Debug|Any CPU
		{8BC8BDD5-50E5-487E-9B64-150FC884CE82}.ExeRelease|Any CPU.ActiveCfg = Release|Any CPU
		{8BC8BDD5-50E5-487E-9B64-150FC884CE82}.ExeRelease|Any CPU.Build.0 = Release|Any CPU
		{8BC8BDD5-50E5-487E-9B64-150FC884CE82}.Release|Any CPU.ActiveCfg = Release|Any CPU
		{8BC8BDD5-50E5-487E-9B64-150FC884CE82}.Release|Any CPU.Build.0 = Release|Any CPU
		{011CBEF2-231C-4404-8E98-C2FCE4C68D89}.Debug|Any CPU.ActiveCfg = Debug|Any CPU
		{011CBEF2-231C-4404-8E98-C2FCE4C68D89}.Debug|Any CPU.Build.0 = Debug|Any CPU
		{011CBEF2-231C-4404-8E98-C2FCE4C68D89}.ExeRelease|Any CPU.ActiveCfg = Release|Any CPU
		{011CBEF2-231C-4404-8E98-C2FCE4C68D89}.ExeRelease|Any CPU.Build.0 = Release|Any CPU
		{011CBEF2-231C-4404-8E98-C2FCE4C68D89}.Release|Any CPU.ActiveCfg = Release|Any CPU
		{011CBEF2-231C-4404-8E98-C2FCE4C68D89}.Release|Any CPU.Build.0 = Release|Any CPU
		{09E70A22-7967-4DD6-8BEE-3F1AAD687D20}.Debug|Any CPU.ActiveCfg = Debug|Any CPU
		{09E70A22-7967-4DD6-8BEE-3F1AAD687D20}.Debug|Any CPU.Build.0 = Debug|Any CPU
		{09E70A22-7967-4DD6-8BEE-3F1AAD687D20}.ExeRelease|Any CPU.ActiveCfg = Release|Any CPU
		{09E70A22-7967-4DD6-8BEE-3F1AAD687D20}.ExeRelease|Any CPU.Build.0 = Release|Any CPU
		{09E70A22-7967-4DD6-8BEE-3F1AAD687D20}.Release|Any CPU.ActiveCfg = Release|Any CPU
		{09E70A22-7967-4DD6-8BEE-3F1AAD687D20}.Release|Any CPU.Build.0 = Release|Any CPU
		{D09B29B3-D836-4350-8E09-AD40C2A895DF}.Debug|Any CPU.ActiveCfg = Debug|Any CPU
		{D09B29B3-D836-4350-8E09-AD40C2A895DF}.Debug|Any CPU.Build.0 = Debug|Any CPU
		{D09B29B3-D836-4350-8E09-AD40C2A895DF}.ExeRelease|Any CPU.ActiveCfg = ExeRelease|Any CPU
		{D09B29B3-D836-4350-8E09-AD40C2A895DF}.ExeRelease|Any CPU.Build.0 = ExeRelease|Any CPU
		{D09B29B3-D836-4350-8E09-AD40C2A895DF}.Release|Any CPU.ActiveCfg = Release|Any CPU
		{D09B29B3-D836-4350-8E09-AD40C2A895DF}.Release|Any CPU.Build.0 = Release|Any CPU
		{FFDDDCBA-2BB3-464E-9BFB-29A9C7A503CC}.Debug|Any CPU.ActiveCfg = Debug|Any CPU
		{FFDDDCBA-2BB3-464E-9BFB-29A9C7A503CC}.Debug|Any CPU.Build.0 = Debug|Any CPU
		{FFDDDCBA-2BB3-464E-9BFB-29A9C7A503CC}.ExeRelease|Any CPU.ActiveCfg = Release|Any CPU
		{FFDDDCBA-2BB3-464E-9BFB-29A9C7A503CC}.ExeRelease|Any CPU.Build.0 = Release|Any CPU
		{FFDDDCBA-2BB3-464E-9BFB-29A9C7A503CC}.Release|Any CPU.ActiveCfg = Release|Any CPU
		{FFDDDCBA-2BB3-464E-9BFB-29A9C7A503CC}.Release|Any CPU.Build.0 = Release|Any CPU
		{6F4F7645-AA6C-41A2-8127-A42D1913EFDF}.Debug|Any CPU.ActiveCfg = Debug|Any CPU
		{6F4F7645-AA6C-41A2-8127-A42D1913EFDF}.Debug|Any CPU.Build.0 = Debug|Any CPU
		{6F4F7645-AA6C-41A2-8127-A42D1913EFDF}.ExeRelease|Any CPU.ActiveCfg = Release|Any CPU
		{6F4F7645-AA6C-41A2-8127-A42D1913EFDF}.ExeRelease|Any CPU.Build.0 = Release|Any CPU
		{6F4F7645-AA6C-41A2-8127-A42D1913EFDF}.Release|Any CPU.ActiveCfg = Release|Any CPU
		{6F4F7645-AA6C-41A2-8127-A42D1913EFDF}.Release|Any CPU.Build.0 = Release|Any CPU
		{5D790A02-D313-43CF-8740-F1A63DFA3DB9}.Debug|Any CPU.ActiveCfg = Debug|Any CPU
		{5D790A02-D313-43CF-8740-F1A63DFA3DB9}.Debug|Any CPU.Build.0 = Debug|Any CPU
		{5D790A02-D313-43CF-8740-F1A63DFA3DB9}.ExeRelease|Any CPU.ActiveCfg = Release|Any CPU
		{5D790A02-D313-43CF-8740-F1A63DFA3DB9}.ExeRelease|Any CPU.Build.0 = Release|Any CPU
		{5D790A02-D313-43CF-8740-F1A63DFA3DB9}.Release|Any CPU.ActiveCfg = Release|Any CPU
		{5D790A02-D313-43CF-8740-F1A63DFA3DB9}.Release|Any CPU.Build.0 = Release|Any CPU
		{D42AEDBA-1916-403B-98EB-344F32755703}.Debug|Any CPU.ActiveCfg = Debug|Any CPU
		{D42AEDBA-1916-403B-98EB-344F32755703}.Debug|Any CPU.Build.0 = Debug|Any CPU
		{D42AEDBA-1916-403B-98EB-344F32755703}.ExeRelease|Any CPU.ActiveCfg = Release|Any CPU
		{D42AEDBA-1916-403B-98EB-344F32755703}.ExeRelease|Any CPU.Build.0 = Release|Any CPU
		{D42AEDBA-1916-403B-98EB-344F32755703}.Release|Any CPU.ActiveCfg = Release|Any CPU
		{D42AEDBA-1916-403B-98EB-344F32755703}.Release|Any CPU.Build.0 = Release|Any CPU
		{05648877-1344-47F8-984B-843DBA0722E2}.Debug|Any CPU.ActiveCfg = Debug|Any CPU
		{05648877-1344-47F8-984B-843DBA0722E2}.Debug|Any CPU.Build.0 = Debug|Any CPU
		{05648877-1344-47F8-984B-843DBA0722E2}.ExeRelease|Any CPU.ActiveCfg = Release|Any CPU
		{05648877-1344-47F8-984B-843DBA0722E2}.ExeRelease|Any CPU.Build.0 = Release|Any CPU
		{05648877-1344-47F8-984B-843DBA0722E2}.Release|Any CPU.ActiveCfg = Release|Any CPU
		{05648877-1344-47F8-984B-843DBA0722E2}.Release|Any CPU.Build.0 = Release|Any CPU
		{FA33EB3C-A971-4323-AB52-0FD690A06766}.Debug|Any CPU.ActiveCfg = Debug|Any CPU
		{FA33EB3C-A971-4323-AB52-0FD690A06766}.Debug|Any CPU.Build.0 = Debug|Any CPU
		{FA33EB3C-A971-4323-AB52-0FD690A06766}.ExeRelease|Any CPU.ActiveCfg = Release|Any CPU
		{FA33EB3C-A971-4323-AB52-0FD690A06766}.ExeRelease|Any CPU.Build.0 = Release|Any CPU
		{FA33EB3C-A971-4323-AB52-0FD690A06766}.Release|Any CPU.ActiveCfg = Release|Any CPU
		{FA33EB3C-A971-4323-AB52-0FD690A06766}.Release|Any CPU.Build.0 = Release|Any CPU
		{7229885C-58AF-4311-8DEC-EDA353B5FF82}.Debug|Any CPU.ActiveCfg = Debug|Any CPU
		{7229885C-58AF-4311-8DEC-EDA353B5FF82}.Debug|Any CPU.Build.0 = Debug|Any CPU
		{7229885C-58AF-4311-8DEC-EDA353B5FF82}.ExeRelease|Any CPU.ActiveCfg = Release|Any CPU
		{7229885C-58AF-4311-8DEC-EDA353B5FF82}.ExeRelease|Any CPU.Build.0 = Release|Any CPU
		{7229885C-58AF-4311-8DEC-EDA353B5FF82}.Release|Any CPU.ActiveCfg = Release|Any CPU
		{7229885C-58AF-4311-8DEC-EDA353B5FF82}.Release|Any CPU.Build.0 = Release|Any CPU
		{B3005A4C-A079-4245-9036-0BF40F51CC06}.Debug|Any CPU.ActiveCfg = Debug|Any CPU
		{B3005A4C-A079-4245-9036-0BF40F51CC06}.Debug|Any CPU.Build.0 = Debug|Any CPU
		{B3005A4C-A079-4245-9036-0BF40F51CC06}.ExeRelease|Any CPU.ActiveCfg = Release|Any CPU
		{B3005A4C-A079-4245-9036-0BF40F51CC06}.ExeRelease|Any CPU.Build.0 = Release|Any CPU
		{B3005A4C-A079-4245-9036-0BF40F51CC06}.Release|Any CPU.ActiveCfg = Release|Any CPU
		{B3005A4C-A079-4245-9036-0BF40F51CC06}.Release|Any CPU.Build.0 = Release|Any CPU
	EndGlobalSection
	GlobalSection(SolutionProperties) = preSolution
		HideSolutionNode = FALSE
	EndGlobalSection
	GlobalSection(ExtensibilityGlobals) = postSolution
		SolutionGuid = {5B9348AE-843E-47EE-AD20-489D886B278E}
	EndGlobalSection
EndGlobal
