
Microsoft Visual Studio Solution File, Format Version 12.00
# Visual Studio Version 17
VisualStudioVersion = 17.5.002.0
MinimumVisualStudioVersion = 10.0.40219.1
Project("{9A19103F-16F7-4668-BE54-9A1E7A4F7556}") = "BFDR.Tests", "BFDR.Tests.csproj", "{6EEB5A49-909E-4D66-995B-58D536CA82FF}"
EndProject
Project("{FAE04EC0-301F-11D3-BF4B-00C04F79EFBC}") = "VitalRecord", "..\VitalRecord\VitalRecord.csproj", "{0256E978-A049-459E-8878-5738B02C9B06}"
EndProject
Project("{FAE04EC0-301F-11D3-BF4B-00C04F79EFBC}") = "BFDR", "..\BFDR\BFDR.csproj", "{3DCFED8A-4120-4321-80DD-972CCDFDC17B}"
EndProject
Project("{FAE04EC0-301F-11D3-BF4B-00C04F79EFBC}") = "VRDR", "..\VRDR\VRDR.csproj", "{2F93FB01-7E0B-4389-B006-FF12143CEAAD}"
EndProject
Global
	GlobalSection(SolutionConfigurationPlatforms) = preSolution
		Debug|Any CPU = Debug|Any CPU
		Release|Any CPU = Release|Any CPU
	EndGlobalSection
	GlobalSection(ProjectConfigurationPlatforms) = postSolution
		{6EEB5A49-909E-4D66-995B-58D536CA82FF}.Debug|Any CPU.ActiveCfg = Debug|Any CPU
		{6EEB5A49-909E-4D66-995B-58D536CA82FF}.Debug|Any CPU.Build.0 = Debug|Any CPU
		{6EEB5A49-909E-4D66-995B-58D536CA82FF}.Release|Any CPU.ActiveCfg = Release|Any CPU
		{6EEB5A49-909E-4D66-995B-58D536CA82FF}.Release|Any CPU.Build.0 = Release|Any CPU
		{0256E978-A049-459E-8878-5738B02C9B06}.Debug|Any CPU.ActiveCfg = Debug|Any CPU
		{0256E978-A049-459E-8878-5738B02C9B06}.Debug|Any CPU.Build.0 = Debug|Any CPU
		{0256E978-A049-459E-8878-5738B02C9B06}.Release|Any CPU.ActiveCfg = Release|Any CPU
		{0256E978-A049-459E-8878-5738B02C9B06}.Release|Any CPU.Build.0 = Release|Any CPU
		{3DCFED8A-4120-4321-80DD-972CCDFDC17B}.Debug|Any CPU.ActiveCfg = Debug|Any CPU
		{3DCFED8A-4120-4321-80DD-972CCDFDC17B}.Debug|Any CPU.Build.0 = Debug|Any CPU
		{3DCFED8A-4120-4321-80DD-972CCDFDC17B}.Release|Any CPU.ActiveCfg = Release|Any CPU
		{3DCFED8A-4120-4321-80DD-972CCDFDC17B}.Release|Any CPU.Build.0 = Release|Any CPU
		{2F93FB01-7E0B-4389-B006-FF12143CEAAD}.Debug|Any CPU.ActiveCfg = Debug|Any CPU
		{2F93FB01-7E0B-4389-B006-FF12143CEAAD}.Debug|Any CPU.Build.0 = Debug|Any CPU
		{2F93FB01-7E0B-4389-B006-FF12143CEAAD}.Release|Any CPU.ActiveCfg = Release|Any CPU
		{2F93FB01-7E0B-4389-B006-FF12143CEAAD}.Release|Any CPU.Build.0 = Release|Any CPU
	EndGlobalSection
	GlobalSection(SolutionProperties) = preSolution
		HideSolutionNode = FALSE
	EndGlobalSection
	GlobalSection(ExtensibilityGlobals) = postSolution
		SolutionGuid = {DF1B5DE7-E9AD-47EE-8968-767E03032323}
	EndGlobalSection
EndGlobal
