
Microsoft Visual Studio Solution File, Format Version 12.00
# Visual Studio Version 17
VisualStudioVersion = 17.5.002.0
MinimumVisualStudioVersion = 10.0.40219.1
Project("{9A19103F-16F7-4668-BE54-9A1E7A4F7556}") = "VRDR.Tests", "VRDR.Tests.csproj", "{255A57AB-3AE2-4351-BCF8-627AB0B276C0}"
EndProject
Global
	GlobalSection(SolutionConfigurationPlatforms) = preSolution
		Debug|Any CPU = Debug|Any CPU
		Release|Any CPU = Release|Any CPU
	EndGlobalSection
	GlobalSection(ProjectConfigurationPlatforms) = postSolution
		{255A57AB-3AE2-4351-BCF8-627AB0B276C0}.Debug|Any CPU.ActiveCfg = Debug|Any CPU
		{255A57AB-3AE2-4351-BCF8-627AB0B276C0}.Debug|Any CPU.Build.0 = Debug|Any CPU
		{255A57AB-3AE2-4351-BCF8-627AB0B276C0}.Release|Any CPU.ActiveCfg = Release|Any CPU
		{255A57AB-3AE2-4351-BCF8-627AB0B276C0}.Release|Any CPU.Build.0 = Release|Any CPU
	EndGlobalSection
	GlobalSection(SolutionProperties) = preSolution
		HideSolutionNode = FALSE
	EndGlobalSection
	GlobalSection(ExtensibilityGlobals) = postSolution
		SolutionGuid = {5D87B215-5CCD-4C5C-A5BC-3BA51AB05B75}
	EndGlobalSection
EndGlobal
